
Microsoft Visual Studio Solution File, Format Version 12.00
# Visual Studio Version 17
VisualStudioVersion = 17.9.34723.18
MinimumVisualStudioVersion = 10.0.40219.1
Project("{9A19103F-16F7-4668-BE54-9A1E7A4F7556}") = "AutorentApi", "AutorentApi\AutorentApi.csproj", "{2E381199-41EE-4D0C-A7AA-5803F36CD907}"
EndProject
Project("{FAE04EC0-301F-11D3-BF4B-00C04F79EFBC}") = "CarRent", "CarRent\CarRent.csproj", "{E0A3DED1-2DA2-4E09-8078-2C3E85C2EFC1}"
EndProject
Global
	GlobalSection(SolutionConfigurationPlatforms) = preSolution
		Debug|Any CPU = Debug|Any CPU
		Release|Any CPU = Release|Any CPU
	EndGlobalSection
	GlobalSection(ProjectConfigurationPlatforms) = postSolution
		{2E381199-41EE-4D0C-A7AA-5803F36CD907}.Debug|Any CPU.ActiveCfg = Debug|Any CPU
		{2E381199-41EE-4D0C-A7AA-5803F36CD907}.Debug|Any CPU.Build.0 = Debug|Any CPU
		{2E381199-41EE-4D0C-A7AA-5803F36CD907}.Release|Any CPU.ActiveCfg = Release|Any CPU
		{2E381199-41EE-4D0C-A7AA-5803F36CD907}.Release|Any CPU.Build.0 = Release|Any CPU
		{E0A3DED1-2DA2-4E09-8078-2C3E85C2EFC1}.Debug|Any CPU.ActiveCfg = Debug|Any CPU
		{E0A3DED1-2DA2-4E09-8078-2C3E85C2EFC1}.Debug|Any CPU.Build.0 = Debug|Any CPU
		{E0A3DED1-2DA2-4E09-8078-2C3E85C2EFC1}.Release|Any CPU.ActiveCfg = Release|Any CPU
		{E0A3DED1-2DA2-4E09-8078-2C3E85C2EFC1}.Release|Any CPU.Build.0 = Release|Any CPU
	EndGlobalSection
	GlobalSection(SolutionProperties) = preSolution
		HideSolutionNode = FALSE
	EndGlobalSection
	GlobalSection(ExtensibilityGlobals) = postSolution
		SolutionGuid = {211FAB95-ABAA-40F6-85E3-C5026CDB8A0F}
	EndGlobalSection
EndGlobal
